
Microsoft Visual Studio Solution File, Format Version 12.00
# Visual Studio Version 16
VisualStudioVersion = 16.0.31624.102
MinimumVisualStudioVersion = 10.0.40219.1
Project("{FAE04EC0-301F-11D3-BF4B-00C04F79EFBC}") = "Le-Sa_Installer", "Le-Sa_Installer.csproj", "{755D233B-F686-4452-8C74-03B6B466EDEA}"
EndProject
Global
	GlobalSection(SolutionConfigurationPlatforms) = preSolution
		Debug|Any CPU = Debug|Any CPU
		Release|Any CPU = Release|Any CPU
	EndGlobalSection
	GlobalSection(ProjectConfigurationPlatforms) = postSolution
		{755D233B-F686-4452-8C74-03B6B466EDEA}.Debug|Any CPU.ActiveCfg = Debug|Any CPU
		{755D233B-F686-4452-8C74-03B6B466EDEA}.Debug|Any CPU.Build.0 = Debug|Any CPU
		{755D233B-F686-4452-8C74-03B6B466EDEA}.Release|Any CPU.ActiveCfg = Release|Any CPU
		{755D233B-F686-4452-8C74-03B6B466EDEA}.Release|Any CPU.Build.0 = Release|Any CPU
	EndGlobalSection
	GlobalSection(SolutionProperties) = preSolution
		HideSolutionNode = FALSE
	EndGlobalSection
	GlobalSection(ExtensibilityGlobals) = postSolution
		SolutionGuid = {A22A63C9-2004-4B4E-81B2-0E2E98A97CE7}
	EndGlobalSection
EndGlobal
